
Microsoft Visual Studio Solution File, Format Version 12.00
# Visual Studio 14
VisualStudioVersion = 14.0.25420.1
MinimumVisualStudioVersion = 10.0.40219.1
Project("{FAE04EC0-301F-11D3-BF4B-00C04F79EFBC}") = "WebShopProductUpdaterService", "WebShopProductUpdaterService\WebShopProductUpdaterService.csproj", "{568F174F-0BA6-48A8-A4ED-884A9CB7B667}"
EndProject
Global
	GlobalSection(SolutionConfigurationPlatforms) = preSolution
		Debug|Any CPU = Debug|Any CPU
		Release|Any CPU = Release|Any CPU
	EndGlobalSection
	GlobalSection(ProjectConfigurationPlatforms) = postSolution
		{568F174F-0BA6-48A8-A4ED-884A9CB7B667}.Debug|Any CPU.ActiveCfg = Debug|Any CPU
		{568F174F-0BA6-48A8-A4ED-884A9CB7B667}.Debug|Any CPU.Build.0 = Debug|Any CPU
		{568F174F-0BA6-48A8-A4ED-884A9CB7B667}.Release|Any CPU.ActiveCfg = Release|Any CPU
		{568F174F-0BA6-48A8-A4ED-884A9CB7B667}.Release|Any CPU.Build.0 = Release|Any CPU
	EndGlobalSection
	GlobalSection(SolutionProperties) = preSolution
		HideSolutionNode = FALSE
	EndGlobalSection
EndGlobal
